Microsoft Visual Studio Solution File, Format Version 12.00
# Visual Studio Version 17
VisualStudioVersion = 17.5.2.0
MinimumVisualStudioVersion = 10.0.40219.1
Project("{2150E333-8FDC-42A3-9474-1A3956D46DE8}") = "src", "src", "{827E0CD3-B72D-47B6-A68D-7590B98EB39B}"
EndProject
Project("{FAE04EC0-301F-11D3-BF4B-00C04F79EFBC}") = "SmartBudgetPro.Application", "src\SmartBudgetPro.Application\SmartBudgetPro.Application.csproj", "{0A222A7E-B2CC-B023-7CB5-F7FA3CE487C4}"
EndProject
Project("{FAE04EC0-301F-11D3-BF4B-00C04F79EFBC}") = "SmartBudgetPro.API", "src\SmartBudgetPro.API\SmartBudgetPro.API.csproj", "{BE14F589-D85A-2918-FBF2-656ED8BCB979}"
EndProject
Project("{FAE04EC0-301F-11D3-BF4B-00C04F79EFBC}") = "SmartBudgetPro.Infrastructure", "src\SmartBudgetPro.Infrastructure\SmartBudgetPro.Infrastructure.csproj", "{0DE74286-DB28-D380-4036-9811A6987563}"
EndProject
Project("{FAE04EC0-301F-11D3-BF4B-00C04F79EFBC}") = "SmartBudgetPro.Domain", "src\SmartBudgetPro.Domain\SmartBudgetPro.Domain.csproj", "{80B13836-AD7C-6DB3-AA70-7D7DD59A28CE}"
EndProject
Global
	GlobalSection(SolutionConfigurationPlatforms) = preSolution
		Debug|Any CPU = Debug|Any CPU
		Release|Any CPU = Release|Any CPU
	EndGlobalSection
	GlobalSection(ProjectConfigurationPlatforms) = postSolution
		{0A222A7E-B2CC-B023-7CB5-F7FA3CE487C4}.Debug|Any CPU.ActiveCfg = Debug|Any CPU
		{0A222A7E-B2CC-B023-7CB5-F7FA3CE487C4}.Debug|Any CPU.Build.0 = Debug|Any CPU
		{0A222A7E-B2CC-B023-7CB5-F7FA3CE487C4}.Release|Any CPU.ActiveCfg = Release|Any CPU
		{0A222A7E-B2CC-B023-7CB5-F7FA3CE487C4}.Release|Any CPU.Build.0 = Release|Any CPU
		{BE14F589-D85A-2918-FBF2-656ED8BCB979}.Debug|Any CPU.ActiveCfg = Debug|Any CPU
		{BE14F589-D85A-2918-FBF2-656ED8BCB979}.Debug|Any CPU.Build.0 = Debug|Any CPU
		{BE14F589-D85A-2918-FBF2-656ED8BCB979}.Release|Any CPU.ActiveCfg = Release|Any CPU
		{BE14F589-D85A-2918-FBF2-656ED8BCB979}.Release|Any CPU.Build.0 = Release|Any CPU
		{0DE74286-DB28-D380-4036-9811A6987563}.Debug|Any CPU.ActiveCfg = Debug|Any CPU
		{0DE74286-DB28-D380-4036-9811A6987563}.Debug|Any CPU.Build.0 = Debug|Any CPU
		{0DE74286-DB28-D380-4036-9811A6987563}.Release|Any CPU.ActiveCfg = Release|Any CPU
		{0DE74286-DB28-D380-4036-9811A6987563}.Release|Any CPU.Build.0 = Release|Any CPU
		{80B13836-AD7C-6DB3-AA70-7D7DD59A28CE}.Debug|Any CPU.ActiveCfg = Debug|Any CPU
		{80B13836-AD7C-6DB3-AA70-7D7DD59A28CE}.Debug|Any CPU.Build.0 = Debug|Any CPU
		{80B13836-AD7C-6DB3-AA70-7D7DD59A28CE}.Release|Any CPU.ActiveCfg = Release|Any CPU
		{80B13836-AD7C-6DB3-AA70-7D7DD59A28CE}.Release|Any CPU.Build.0 = Release|Any CPU
	EndGlobalSection
	GlobalSection(SolutionProperties) = preSolution
		HideSolutionNode = FALSE
	EndGlobalSection
	GlobalSection(NestedProjects) = preSolution
		{0A222A7E-B2CC-B023-7CB5-F7FA3CE487C4} = {827E0CD3-B72D-47B6-A68D-7590B98EB39B}
		{BE14F589-D85A-2918-FBF2-656ED8BCB979} = {827E0CD3-B72D-47B6-A68D-7590B98EB39B}
		{0DE74286-DB28-D380-4036-9811A6987563} = {827E0CD3-B72D-47B6-A68D-7590B98EB39B}
		{80B13836-AD7C-6DB3-AA70-7D7DD59A28CE} = {827E0CD3-B72D-47B6-A68D-7590B98EB39B}
	EndGlobalSection
	GlobalSection(ExtensibilityGlobals) = postSolution
		SolutionGuid = {1D46D0F4-378D-48BA-B013-AEEEA5A81012}
	EndGlobalSection
EndGlobal
